{
  "name": "pg-copy-iterator",
  "version": "1.0.0",
  "lockfileVersion": 1,
  "requires": true,
  "dependencies": {
    "@types/node": {
      "version": "12.7.5",
      "resolved": "https://registry.npmjs.org/@types/node/-/node-12.7.5.tgz",
      "integrity": "sha512-9fq4jZVhPNW8r+UYKnxF1e2HkDWOWKM5bC2/7c9wPV835I0aOrVbS/Hw/pWPk2uKrNXQqg9Z959Kz+IYDd5p3w=="
    },
    "@types/pg": {
      "version": "7.11.1",
      "resolved": "https://registry.npmjs.org/@types/pg/-/pg-7.11.1.tgz",
      "integrity": "sha512-ayO8XV0xuJV3cEY4wySyD/7MA1HL75UpvJ5JAme00kNWA5pddlGtN4BRG97xgGe2NHgwxN8AkdjTQUEDypM8Uw==",
      "requires": {
        "@types/node": "*",
        "@types/pg-types": "*"
      }
    },
    "@types/pg-copy-streams": {
      "version": "1.2.1",
      "resolved": "https://registry.npmjs.org/@types/pg-copy-streams/-/pg-copy-streams-1.2.1.tgz",
      "integrity": "sha512-7gsqXeYd4CypX4ZslvOhCuquL6Uo6B/ariCxw67fw6k+YL/Y1XncraDN/7qVlbM5WE5tmhxPxmacufrZ1/iloQ==",
      "requires": {
        "@types/node": "*",
        "@types/pg": "*"
      }
    },
    "@types/pg-types": {
      "version": "1.11.4",
      "resolved": "https://registry.npmjs.org/@types/pg-types/-/pg-types-1.11.4.tgz",
      "integrity": "sha512-WdIiQmE347LGc1Vq3Ki8sk3iyCuLgnccqVzgxek6gEHp2H0p3MQ3jniIHt+bRODXKju4kNQ+mp53lmP5+/9moQ==",
      "requires": {
        "moment": ">=2.14.0"
      }
    },
    "moment": {
      "version": "2.24.0",
      "resolved": "https://registry.npmjs.org/moment/-/moment-2.24.0.tgz",
      "integrity": "sha512-bV7f+6l2QigeBBZSM/6yTNq4P2fNpSWj/0e7jQcy87A8e7o2nAfP/34/2ky5Vw4B9S446EtIhodAzkFCcR4dQg=="
    },
    "pg-copy-streams": {
      "version": "2.2.2",
      "resolved": "https://registry.npmjs.org/pg-copy-streams/-/pg-copy-streams-2.2.2.tgz",
      "integrity": "sha512-mjSqs6hrsRhBojCuY2hxyg48B+3th5ARBjMxBCEisIqBvdRD0g5ETdbts20TzrOfha8ueJQOmQCJCprtczJtGQ=="
    },
    "typescript": {
      "version": "3.6.3",
      "resolved": "https://registry.npmjs.org/typescript/-/typescript-3.6.3.tgz",
      "integrity": "sha512-N7bceJL1CtRQ2RiG0AQME13ksR7DiuQh/QehubYcghzv20tnh+MQnQIuJddTmsbqYj+dztchykemz0zFzlvdQw==",
      "dev": true
    }
  }
}
